// !$*UTF8*$!
{
	archiveVersion = 1;
	classes = {
	};
	objectVersion = 50;
	objects = {

/* Begin PBXBuildFile section */
		9768FBBA251E2F3900072F96 /* Assets.xcassets in Resources */ = {isa = PBXBuildFile; fileRef = 9768FBAB251E2F3900072F96 /* Assets.xcassets */; };
		9768FBBB251E2F3900072F96 /* Preview Assets.xcassets in Resources */ = {isa = PBXBuildFile; fileRef = 9768FBAD251E2F3900072F96 /* Preview Assets.xcassets */; };
		9768FBBC251E2F3900072F96 /* LaunchScreen.storyboard in Resources */ = {isa = PBXBuildFile; fileRef = 9768FBAE251E2F3900072F96 /* LaunchScreen.storyboard */; };
		9768FBBD251E2F3900072F96 /* AppDelegate.swift in Sources */ = {isa = PBXBuildFile; fileRef = 9768FBB0251E2F3900072F96 /* AppDelegate.swift */; };
		9768FBBE251E2F3900072F96 /* ContentView.swift in Sources */ = {isa = PBXBuildFile; fileRef = 9768FBB1251E2F3900072F96 /* ContentView.swift */; };
		9768FBBF251E2F3900072F96 /* Info.plist in Resources */ = {isa = PBXBuildFile; fileRef = 9768FBB2251E2F3900072F96 /* Info.plist */; };
		9768FBC0251E2F3900072F96 /* SceneDelegate.swift in Sources */ = {isa = PBXBuildFile; fileRef = 9768FBB3251E2F3900072F96 /* SceneDelegate.swift */; };
		9768FBD2251E3A3200072F96 /* DetailViewController.swift in Sources */ = {isa = PBXBuildFile; fileRef = 9768FBD1251E3A3200072F96 /* DetailViewController.swift */; };
		97AA62AA251120F700C2D385 /* AppDelegate.swift in Sources */ = {isa = PBXBuildFile; fileRef = 97AA62A9251120F700C2D385 /* AppDelegate.swift */; };
		97AA62AC251120F700C2D385 /* SceneDelegate.swift in Sources */ = {isa = PBXBuildFile; fileRef = 97AA62AB251120F700C2D385 /* SceneDelegate.swift */; };
		97AA62AE251120F700C2D385 /* ViewController.swift in Sources */ = {isa = PBXBuildFile; fileRef = 97AA62AD251120F700C2D385 /* ViewController.swift */; };
		97AA62B1251120F700C2D385 /* Main.storyboard in Resources */ = {isa = PBXBuildFile; fileRef = 97AA62AF251120F700C2D385 /* Main.storyboard */; };
		97AA62B3251120F800C2D385 /* Assets.xcassets in Resources */ = {isa = PBXBuildFile; fileRef = 97AA62B2251120F800C2D385 /* Assets.xcassets */; };
		97AA62B6251120F800C2D385 /* LaunchScreen.storyboard in Resources */ = {isa = PBXBuildFile; fileRef = 97AA62B4251120F800C2D385 /* LaunchScreen.storyboard */; };
		97AA62C1251120F800C2D385 /* Day16Tests.swift in Sources */ = {isa = PBXBuildFile; fileRef = 97AA62C0251120F800C2D385 /* Day16Tests.swift */; };
/* End PBXBuildFile section */

/* Begin PBXContainerItemProxy section */
		9768FBB8251E2F3900072F96 /* PBXContainerItemProxy */ = {
			isa = PBXContainerItemProxy;
			containerPortal = 9768FBB4251E2F3900072F96 /* Project1.xcodeproj */;
			proxyType = 2;
			remoteGlobalIDString = 51499DD223FACA97006FD0A6;
			remoteInfo = Project1;
		};
		97AA62BD251120F800C2D385 /* PBXContainerItemProxy */ = {
			isa = PBXContainerItemProxy;
			containerPortal = 97AA629E251120F700C2D385 /* Project object */;
			proxyType = 1;
			remoteGlobalIDString = 97AA62A5251120F700C2D385;
			remoteInfo = Day16;
		};
/* End PBXContainerItemProxy section */

/* Begin PBXFileReference section */
		9768FBAB251E2F3900072F96 /* Assets.xcassets */ = {isa = PBXFileReference; lastKnownFileType = folder.assetcatalog; path = Assets.xcassets; sourceTree = "<group>"; };
		9768FBAD251E2F3900072F96 /* Preview Assets.xcassets */ = {isa = PBXFileReference; lastKnownFileType = folder.assetcatalog; path = "Preview Assets.xcassets"; sourceTree = "<group>"; };
		9768FBAF251E2F3900072F96 /* Base */ = {isa = PBXFileReference; lastKnownFileType = file.storyboard; name = Base; path = Base.lproj/LaunchScreen.storyboard; sourceTree = "<group>"; };
		9768FBB0251E2F3900072F96 /* AppDelegate.swift */ = {isa = PBXFileReference; fileEncoding = 4; lastKnownFileType = sourcecode.swift; path = AppDelegate.swift; sourceTree = "<group>"; };
		9768FBB1251E2F3900072F96 /* ContentView.swift */ = {isa = PBXFileReference; fileEncoding = 4; lastKnownFileType = sourcecode.swift; path = ContentView.swift; sourceTree = "<group>"; };
		9768FBB2251E2F3900072F96 /* Info.plist */ = {isa = PBXFileReference; fileEncoding = 4; lastKnownFileType = text.plist.xml; path = Info.plist; sourceTree = "<group>"; };
		9768FBB3251E2F3900072F96 /* SceneDelegate.swift */ = {isa = PBXFileReference; fileEncoding = 4; lastKnownFileType = sourcecode.swift; path = SceneDelegate.swift; sourceTree = "<group>"; };
		9768FBB4251E2F3900072F96 /* Project1.xcodeproj */ = {isa = PBXFileReference; lastKnownFileType = "wrapper.pb-project"; path = Project1.xcodeproj; sourceTree = "<group>"; };
		9768FBD1251E3A3200072F96 /* DetailViewController.swift */ = {isa = PBXFileReference; lastKnownFileType = sourcecode.swift; path = DetailViewController.swift; sourceTree = "<group>"; };
		97AA62A6251120F700C2D385 /* Day16.app */ = {isa = PBXFileReference; explicitFileType = wrapper.application; includeInIndex = 0; path = Day16.app; sourceTree = BUILT_PRODUCTS_DIR; };
		97AA62A9251120F700C2D385 /* AppDelegate.swift */ = {isa = PBXFileReference; lastKnownFileType = sourcecode.swift; path = AppDelegate.swift; sourceTree = "<group>"; };
		97AA62AB251120F700C2D385 /* SceneDelegate.swift */ = {isa = PBXFileReference; lastKnownFileType = sourcecode.swift; path = SceneDelegate.swift; sourceTree = "<group>"; };
		97AA62AD251120F700C2D385 /* ViewController.swift */ = {isa = PBXFileReference; lastKnownFileType = sourcecode.swift; path = ViewController.swift; sourceTree = "<group>"; };
		97AA62B0251120F700C2D385 /* Base */ = {isa = PBXFileReference; lastKnownFileType = file.storyboard; name = Base; path = Base.lproj/Main.storyboard; sourceTree = "<group>"; };
		97AA62B2251120F800C2D385 /* Assets.xcassets */ = {isa = PBXFileReference; lastKnownFileType = folder.assetcatalog; path = Assets.xcassets; sourceTree = "<group>"; };
		97AA62B5251120F800C2D385 /* Base */ = {isa = PBXFileReference; lastKnownFileType = file.storyboard; name = Base; path = Base.lproj/LaunchScreen.storyboard; sourceTree = "<group>"; };
		97AA62B7251120F800C2D385 /* Info.plist */ = {isa = PBXFileReference; lastKnownFileType = text.plist.xml; path = Info.plist; sourceTree = "<group>"; };
		97AA62BC251120F800C2D385 /* Day16Tests.xctest */ = {isa = PBXFileReference; explicitFileType = wrapper.cfbundle; includeInIndex = 0; path = Day16Tests.xctest; sourceTree = BUILT_PRODUCTS_DIR; };
		97AA62C0251120F800C2D385 /* Day16Tests.swift */ = {isa = PBXFileReference; lastKnownFileType = sourcecode.swift; path = Day16Tests.swift; sourceTree = "<group>"; };
		97AA62C2251120F800C2D385 /* Info.plist */ = {isa = PBXFileReference; lastKnownFileType = text.plist.xml; path = Info.plist; sourceTree = "<group>"; };
/* End PBXFileReference section */

/* Begin PBXFrameworksBuildPhase section */
		97AA62A3251120F700C2D385 /* Frameworks */ = {
			isa = PBXFrameworksBuildPhase;
			buildActionMask = 2147483647;
			files = (
			);
			runOnlyForDeploymentPostprocessing = 0;
		};
		97AA62B9251120F800C2D385 /* Frameworks */ = {
			isa = PBXFrameworksBuildPhase;
			buildActionMask = 2147483647;
			files = (
			);
			runOnlyForDeploymentPostprocessing = 0;
		};
/* End PBXFrameworksBuildPhase section */

/* Begin PBXGroup section */
		9768FBA9251E2F3900072F96 /* project1 */ = {
			isa = PBXGroup;
			children = (
				9768FBAA251E2F3900072F96 /* Project1 */,
				9768FBB4251E2F3900072F96 /* Project1.xcodeproj */,
			);
			path = project1;
			sourceTree = "<group>";
		};
		9768FBAA251E2F3900072F96 /* Project1 */ = {
			isa = PBXGroup;
			children = (
				9768FBAB251E2F3900072F96 /* Assets.xcassets */,
				9768FBAC251E2F3900072F96 /* Preview Content */,
				9768FBAE251E2F3900072F96 /* LaunchScreen.storyboard */,
				9768FBB0251E2F3900072F96 /* AppDelegate.swift */,
				9768FBB1251E2F3900072F96 /* ContentView.swift */,
				9768FBB2251E2F3900072F96 /* Info.plist */,
				9768FBB3251E2F3900072F96 /* SceneDelegate.swift */,
			);
			path = Project1;
			sourceTree = "<group>";
		};
		9768FBAC251E2F3900072F96 /* Preview Content */ = {
			isa = PBXGroup;
			children = (
				9768FBAD251E2F3900072F96 /* Preview Assets.xcassets */,
			);
			path = "Preview Content";
			sourceTree = "<group>";
		};
		9768FBB5251E2F3900072F96 /* Products */ = {
			isa = PBXGroup;
			children = (
				9768FBB9251E2F3900072F96 /* Project1.app */,
			);
			name = Products;
			sourceTree = "<group>";
		};
		97AA629D251120F700C2D385 = {
			isa = PBXGroup;
			children = (
				97AA62A8251120F700C2D385 /* Day16 */,
				97AA62BF251120F800C2D385 /* Day16Tests */,
				97AA62A7251120F700C2D385 /* Products */,
			);
			sourceTree = "<group>";
		};
		97AA62A7251120F700C2D385 /* Products */ = {
			isa = PBXGroup;
			children = (
				97AA62A6251120F700C2D385 /* Day16.app */,
				97AA62BC251120F800C2D385 /* Day16Tests.xctest */,
			);
			name = Products;
			sourceTree = "<group>";
		};
		97AA62A8251120F700C2D385 /* Day16 */ = {
			isa = PBXGroup;
			children = (
				97AA62A9251120F700C2D385 /* AppDelegate.swift */,
				97AA62AB251120F700C2D385 /* SceneDelegate.swift */,
				9768FBD1251E3A3200072F96 /* DetailViewController.swift */,
				97AA62AD251120F700C2D385 /* ViewController.swift */,
				97AA62AF251120F700C2D385 /* Main.storyboard */,
				97AA62B2251120F800C2D385 /* Assets.xcassets */,
				97AA62B4251120F800C2D385 /* LaunchScreen.storyboard */,
				97AA62B7251120F800C2D385 /* Info.plist */,
				9768FBA9251E2F3900072F96 /* project1 */,
			);
			path = Day16;
			sourceTree = "<group>";
		};
		97AA62BF251120F800C2D385 /* Day16Tests */ = {
			isa = PBXGroup;
			children = (
				97AA62C0251120F800C2D385 /* Day16Tests.swift */,
				97AA62C2251120F800C2D385 /* Info.plist */,
			);
			path = Day16Tests;
			sourceTree = "<group>";
		};
/* End PBXGroup section */

/* Begin PBXNativeTarget section */
		97AA62A5251120F700C2D385 /* Day16 */ = {
			isa = PBXNativeTarget;
			buildConfigurationList = 97AA62C5251120F800C2D385 /* Build configuration list for PBXNativeTarget "Day16" */;
			buildPhases = (
				97AA62A2251120F700C2D385 /* Sources */,
				97AA62A3251120F700C2D385 /* Frameworks */,
				97AA62A4251120F700C2D385 /* Resources */,
			);
			buildRules = (
			);
			dependencies = (
			);
			name = Day16;
			productName = Day16;
			productReference = 97AA62A6251120F700C2D385 /* Day16.app */;
			productType = "com.apple.product-type.application";
		};
		97AA62BB251120F800C2D385 /* Day16Tests */ = {
			isa = PBXNativeTarget;
			buildConfigurationList = 97AA62C8251120F800C2D385 /* Build configuration list for PBXNativeTarget "Day16Tests" */;
			buildPhases = (
				97AA62B8251120F800C2D385 /* Sources */,
				97AA62B9251120F800C2D385 /* Frameworks */,
				97AA62BA251120F800C2D385 /* Resources */,
			);
			buildRules = (
			);
			dependencies = (
				97AA62BE251120F800C2D385 /* PBXTargetDependency */,
			);
			name = Day16Tests;
			productName = Day16Tests;
			productReference = 97AA62BC251120F800C2D385 /* Day16Tests.xctest */;
			productType = "com.apple.product-type.bundle.unit-test";
		};
/* End PBXNativeTarget section */

/* Begin PBXProject section */
		97AA629E251120F700C2D385 /* Project object */ = {
			isa = PBXProject;
			attributes = {
				LastSwiftUpdateCheck = 1170;
				LastUpgradeCheck = 1200;
				ORGANIZATIONNAME = "Devin Bowen";
				TargetAttributes = {
					97AA62A5251120F700C2D385 = {
						CreatedOnToolsVersion = 11.7;
					};
					97AA62BB251120F800C2D385 = {
						CreatedOnToolsVersion = 11.7;
						TestTargetID = 97AA62A5251120F700C2D385;
					};
				};
			};
			buildConfigurationList = 97AA62A1251120F700C2D385 /* Build configuration list for PBXProject "Day16" */;
			compatibilityVersion = "Xcode 9.3";
			developmentRegion = en;
			hasScannedForEncodings = 0;
			knownRegions = (
				en,
				Base,
			);
			mainGroup = 97AA629D251120F700C2D385;
			productRefGroup = 97AA62A7251120F700C2D385 /* Products */;
			projectDirPath = "";
			projectReferences = (
				{
					ProductGroup = 9768FBB5251E2F3900072F96 /* Products */;
					ProjectRef = 9768FBB4251E2F3900072F96 /* Project1.xcodeproj */;
				},
			);
			projectRoot = "";
			targets = (
				97AA62A5251120F700C2D385 /* Day16 */,
				97AA62BB251120F800C2D385 /* Day16Tests */,
			);
		};
/* End PBXProject section */

/* Begin PBXReferenceProxy section */
		9768FBB9251E2F3900072F96 /* Project1.app */ = {
			isa = PBXReferenceProxy;
			fileType = wrapper.application;
			path = Project1.app;
			remoteRef = 9768FBB8251E2F3900072F96 /* PBXContainerItemProxy */;
			sourceTree = BUILT_PRODUCTS_DIR;
		};
/* End PBXReferenceProxy section */

/* Begin PBXResourcesBuildPhase section */
		97AA62A4251120F700C2D385 /* Resources */ = {
			isa = PBXResourcesBuildPhase;
			buildActionMask = 2147483647;
			files = (
				97AA62B6251120F800C2D385 /* LaunchScreen.storyboard in Resources */,
				97AA62B3251120F800C2D385 /* Assets.xcassets in Resources */,
				9768FBBB251E2F3900072F96 /* Preview Assets.xcassets in Resources */,
				9768FBBC251E2F3900072F96 /* LaunchScreen.storyboard in Resources */,
				9768FBBA251E2F3900072F96 /* Assets.xcassets in Resources */,
				97AA62B1251120F700C2D385 /* Main.storyboard in Resources */,
				9768FBBF251E2F3900072F96 /* Info.plist in Resources */,
			);
			runOnlyForDeploymentPostprocessing = 0;
		};
		97AA62BA251120F800C2D385 /* Resources */ = {
			isa = PBXResourcesBuildPhase;
			buildActionMask = 2147483647;
			files = (
			);
			runOnlyForDeploymentPostprocessing = 0;
		};
/* End PBXResourcesBuildPhase section */

/* Begin PBXSourcesBuildPhase section */
		97AA62A2251120F700C2D385 /* Sources */ = {
			isa = PBXSourcesBuildPhase;
			buildActionMask = 2147483647;
			files = (
				9768FBBD251E2F3900072F96 /* AppDelegate.swift in Sources */,
				9768FBBE251E2F3900072F96 /* ContentView.swift in Sources */,
				97AA62AE251120F700C2D385 /* ViewController.swift in Sources */,
				97AA62AA251120F700C2D385 /* AppDelegate.swift in Sources */,
				97AA62AC251120F700C2D385 /* SceneDelegate.swift in Sources */,
				9768FBC0251E2F3900072F96 /* SceneDelegate.swift in Sources */,
				9768FBD2251E3A3200072F96 /* DetailViewController.swift in Sources */,
			);
			runOnlyForDeploymentPostprocessing = 0;
		};
		97AA62B8251120F800C2D385 /* Sources */ = {
			isa = PBXSourcesBuildPhase;
			buildActionMask = 2147483647;
			files = (
				97AA62C1251120F800C2D385 /* Day16Tests.swift in Sources */,
			);
			runOnlyForDeploymentPostprocessing = 0;
		};
/* End PBXSourcesBuildPhase section */

/* Begin PBXTargetDependency section */
		97AA62BE251120F800C2D385 /* PBXTargetDependency */ = {
			isa = PBXTargetDependency;
			target = 97AA62A5251120F700C2D385 /* Day16 */;
			targetProxy = 97AA62BD251120F800C2D385 /* PBXContainerItemProxy */;
		};
/* End PBXTargetDependency section */

/* Begin PBXVariantGroup section */
		9768FBAE251E2F3900072F96 /* LaunchScreen.storyboard */ = {
			isa = PBXVariantGroup;
			children = (
				9768FBAF251E2F3900072F96 /* Base */,
			);
			name = LaunchScreen.storyboard;
			sourceTree = "<group>";
		};
		97AA62AF251120F700C2D385 /* Main.storyboard */ = {
			isa = PBXVariantGroup;
			children = (
				97AA62B0251120F700C2D385 /* Base */,
			);
			name = Main.storyboard;
			sourceTree = "<group>";
		};
		97AA62B4251120F800C2D385 /* LaunchScreen.storyboard */ = {
			isa = PBXVariantGroup;
			children = (
				97AA62B5251120F800C2D385 /* Base */,
			);
			name = LaunchScreen.storyboard;
			sourceTree = "<group>";
		};
/* End PBXVariantGroup section */

/* Begin XCBuildConfiguration section */
		97AA62C3251120F800C2D385 /* Debug */ = {
			isa = XCBuildConfiguration;
			buildSettings = {
				ALWAYS_SEARCH_USER_PATHS = NO;
				CLANG_ANALYZER_NONNULL = YES;
				CLANG_ANALYZER_NUMBER_OBJECT_CONVERSION = YES_AGGRESSIVE;
				CLANG_CXX_LANGUAGE_STANDARD = "gnu++14";
				CLANG_CXX_LIBRARY = "libc++";
				CLANG_ENABLE_MODULES = YES;
				CLANG_ENABLE_OBJC_ARC = YES;
				CLANG_ENABLE_OBJC_WEAK = YES;
				CLANG_WARN_BLOCK_CAPTURE_AUTORELEASING = YES;
				CLANG_WARN_BOOL_CONVERSION = YES;
				CLANG_WARN_COMMA = YES;
				CLANG_WARN_CONSTANT_CONVERSION = YES;
				CLANG_WARN_DEPRECATED_OBJC_IMPLEMENTATIONS = YES;
				CLANG_WARN_DIRECT_OBJC_ISA_USAGE = YES_ERROR;
				CLANG_WARN_DOCUMENTATION_COMMENTS = YES;
				CLANG_WARN_EMPTY_BODY = YES;
				CLANG_WARN_ENUM_CONVERSION = YES;
				CLANG_WARN_INFINITE_RECURSION = YES;
				CLANG_WARN_INT_CONVERSION = YES;
				CLANG_WARN_NON_LITERAL_NULL_CONVERSION = YES;
				CLANG_WARN_OBJC_IMPLICIT_RETAIN_SELF = YES;
				CLANG_WARN_OBJC_LITERAL_CONVERSION = YES;
				CLANG_WARN_OBJC_ROOT_CLASS = YES_ERROR;
				CLANG_WARN_QUOTED_INCLUDE_IN_FRAMEWORK_HEADER = YES;
				CLANG_WARN_RANGE_LOOP_ANALYSIS = YES;
				CLANG_WARN_STRICT_PROTOTYPES = YES;
				CLANG_WARN_SUSPICIOUS_MOVE = YES;
				CLANG_WARN_UNGUARDED_AVAILABILITY = YES_AGGRESSIVE;
				CLANG_WARN_UNREACHABLE_CODE = YES;
				CLANG_WARN__DUPLICATE_METHOD_MATCH = YES;
				COPY_PHASE_STRIP = NO;
				DEBUG_INFORMATION_FORMAT = dwarf;
				ENABLE_STRICT_OBJC_MSGSEND = YES;
				ENABLE_TESTABILITY = YES;
				GCC_C_LANGUAGE_STANDARD = gnu11;
				GCC_DYNAMIC_NO_PIC = NO;
				GCC_NO_COMMON_BLOCKS = YES;
				GCC_OPTIMIZATION_LEVEL = 0;
				GCC_PREPROCESSOR_DEFINITIONS = (
					"DEBUG=1",
					"$(inherited)",
				);
				GCC_WARN_64_TO_32_BIT_CONVERSION = YES;
				GCC_WARN_ABOUT_RETURN_TYPE = YES_ERROR;
				GCC_WARN_UNDECLARED_SELECTOR = YES;
				GCC_WARN_UNINITIALIZED_AUTOS = YES_AGGRESSIVE;
				GCC_WARN_UNUSED_FUNCTION = YES;
				GCC_WARN_UNUSED_VARIABLE = YES;
				IPHONEOS_DEPLOYMENT_TARGET = 13.7;
				MTL_ENABLE_DEBUG_INFO = INCLUDE_SOURCE;
				MTL_FAST_MATH = YES;
				ONLY_ACTIVE_ARCH = YES;
				SDKROOT = iphoneos;
				SWIFT_ACTIVE_COMPILATION_CONDITIONS = DEBUG;
				SWIFT_OPTIMIZATION_LEVEL = "-Onone";
			};
			name = Debug;
		};
		97AA62C4251120F800C2D385 /* Release */ = {
			isa = XCBuildConfiguration;
			buildSettings = {
				ALWAYS_SEARCH_USER_PATHS = NO;
				CLANG_ANALYZER_NONNULL = YES;
				CLANG_ANALYZER_NUMBER_OBJECT_CONVERSION = YES_AGGRESSIVE;
				CLANG_CXX_LANGUAGE_STANDARD = "gnu++14";
				CLANG_CXX_LIBRARY = "libc++";
				CLANG_ENABLE_MODULES = YES;
				CLANG_ENABLE_OBJC_ARC = YES;
				CLANG_ENABLE_OBJC_WEAK = YES;
				CLANG_WARN_BLOCK_CAPTURE_AUTORELEASING = YES;
				CLANG_WARN_BOOL_CONVERSION = YES;
				CLANG_WARN_COMMA = YES;
				CLANG_WARN_CONSTANT_CONVERSION = YES;
				CLANG_WARN_DEPRECATED_OBJC_IMPLEMENTATIONS = YES;
				CLANG_WARN_DIRECT_OBJC_ISA_USAGE = YES_ERROR;
				CLANG_WARN_DOCUMENTATION_COMMENTS = YES;
				CLANG_WARN_EMPTY_BODY = YES;
				CLANG_WARN_ENUM_CONVERSION = YES;
				CLANG_WARN_INFINITE_RECURSION = YES;
				CLANG_WARN_INT_CONVERSION = YES;
				CLANG_WARN_NON_LITERAL_NULL_CONVERSION = YES;
				CLANG_WARN_OBJC_IMPLICIT_RETAIN_SELF = YES;
				CLANG_WARN_OBJC_LITERAL_CONVERSION = YES;
				CLANG_WARN_OBJC_ROOT_CLASS = YES_ERROR;
				CLANG_WARN_QUOTED_INCLUDE_IN_FRAMEWORK_HEADER = YES;
				CLANG_WARN_RANGE_LOOP_ANALYSIS = YES;
				CLANG_WARN_STRICT_PROTOTYPES = YES;
				CLANG_WARN_SUSPICIOUS_MOVE = YES;
				CLANG_WARN_UNGUARDED_AVAILABILITY = YES_AGGRESSIVE;
				CLANG_WARN_UNREACHABLE_CODE = YES;
				CLANG_WARN__DUPLICATE_METHOD_MATCH = YES;
				COPY_PHASE_STRIP = NO;
				DEBUG_INFORMATION_FORMAT = "dwarf-with-dsym";
				ENABLE_NS_ASSERTIONS = NO;
				ENABLE_STRICT_OBJC_MSGSEND = YES;
				GCC_C_LANGUAGE_STANDARD = gnu11;
				GCC_NO_COMMON_BLOCKS = YES;
				GCC_WARN_64_TO_32_BIT_CONVERSION = YES;
				GCC_WARN_ABOUT_RETURN_TYPE = YES_ERROR;
				GCC_WARN_UNDECLARED_SELECTOR = YES;
				GCC_WARN_UNINITIALIZED_AUTOS = YES_AGGRESSIVE;
				GCC_WARN_UNUSED_FUNCTION = YES;
				GCC_WARN_UNUSED_VARIABLE = YES;
				IPHONEOS_DEPLOYMENT_TARGET = 13.7;
				MTL_ENABLE_DEBUG_INFO = NO;
				MTL_FAST_MATH = YES;
				SDKROOT = iphoneos;
				SWIFT_COMPILATION_MODE = wholemodule;
				SWIFT_OPTIMIZATION_LEVEL = "-O";
				VALIDATE_PRODUCT = YES;
			};
			name = Release;
		};
		97AA62C6251120F800C2D385 /* Debug */ = {
			isa = XCBuildConfiguration;
			buildSettings = {
				ASSETCATALOG_COMPILER_APPICON_NAME = AppIcon;
				CODE_SIGN_STYLE = Automatic;
				INFOPLIST_FILE = Day16/Info.plist;
				LD_RUNPATH_SEARCH_PATHS = (
					"$(inherited)",
					"@executable_path/Frameworks",
				);
				PRODUCT_BUNDLE_IDENTIFIER = com.devinbowen.Day16;
				PRODUCT_NAME = "$(TARGET_NAME)";
				SWIFT_VERSION = 5.0;
				TARGETED_DEVICE_FAMILY = "1,2";
			};
			name = Debug;
		};
		97AA62C7251120F800C2D385 /* Release */ = {
			isa = XCBuildConfiguration;
			buildSettings = {
				ASSETCATALOG_COMPILER_APPICON_NAME = AppIcon;
				CODE_SIGN_STYLE = Automatic;
				INFOPLIST_FILE = Day16/Info.plist;
				LD_RUNPATH_SEARCH_PATHS = (
					"$(inherited)",
					"@executable_path/Frameworks",
				);
				PRODUCT_BUNDLE_IDENTIFIER = com.devinbowen.Day16;
				PRODUCT_NAME = "$(TARGET_NAME)";
				SWIFT_VERSION = 5.0;
				TARGETED_DEVICE_FAMILY = "1,2";
			};
			name = Release;
		};
		97AA62C9251120F800C2D385 /* Debug */ = {
			isa = XCBuildConfiguration;
			buildSettings = {
				ALWAYS_EMBED_SWIFT_STANDARD_LIBRARIES = YES;
				BUNDLE_LOADER = "$(TEST_HOST)";
				CODE_SIGN_STYLE = Automatic;
				INFOPLIST_FILE = Day16Tests/Info.plist;
				IPHONEOS_DEPLOYMENT_TARGET = 13.7;
				LD_RUNPATH_SEARCH_PATHS = (
					"$(inherited)",
					"@executable_path/Frameworks",
					"@loader_path/Frameworks",
				);
				PRODUCT_BUNDLE_IDENTIFIER = com.devinbowen.Day16Tests;
				PRODUCT_NAME = "$(TARGET_NAME)";
				SWIFT_VERSION = 5.0;
				TARGETED_DEVICE_FAMILY = "1,2";
				TEST_HOST = "$(BUILT_PRODUCTS_DIR)/Day16.app/Day16";
			};
			name = Debug;
		};
		97AA62CA251120F800C2D385 /* Release */ = {
			isa = XCBuildConfiguration;
			buildSettings = {
				ALWAYS_EMBED_SWIFT_STANDARD_LIBRARIES = YES;
				BUNDLE_LOADER = "$(TEST_HOST)";
				CODE_SIGN_STYLE = Automatic;
				INFOPLIST_FILE = Day16Tests/Info.plist;
				IPHONEOS_DEPLOYMENT_TARGET = 13.7;
				LD_RUNPATH_SEARCH_PATHS = (
					"$(inherited)",
					"@executable_path/Frameworks",
					"@loader_path/Frameworks",
				);
				PRODUCT_BUNDLE_IDENTIFIER = com.devinbowen.Day16Tests;
				PRODUCT_NAME = "$(TARGET_NAME)";
				SWIFT_VERSION = 5.0;
				TARGETED_DEVICE_FAMILY = "1,2";
				TEST_HOST = "$(BUILT_PRODUCTS_DIR)/Day16.app/Day16";
			};
			name = Release;
		};
/* End XCBuildConfiguration section */

/* Begin XCConfigurationList section */
		97AA62A1251120F700C2D385 /* Build configuration list for PBXProject "Day16" */ = {
			isa = XCConfigurationList;
			buildConfigurations = (
				97AA62C3251120F800C2D385 /* Debug */,
				97AA62C4251120F800C2D385 /* Release */,
			);
			defaultConfigurationIsVisible = 0;
			defaultConfigurationName = Release;
		};
		97AA62C5251120F800C2D385 /* Build configuration list for PBXNativeTarget "Day16" */ = {
			isa = XCConfigurationList;
			buildConfigurations = (
				97AA62C6251120F800C2D385 /* Debug */,
				97AA62C7251120F800C2D385 /* Release */,
			);
			defaultConfigurationIsVisible = 0;
			defaultConfigurationName = Release;
		};
		97AA62C8251120F800C2D385 /* Build configuration list for PBXNativeTarget "Day16Tests" */ = {
			isa = XCConfigurationList;
			buildConfigurations = (
				97AA62C9251120F800C2D385 /* Debug */,
				97AA62CA251120F800C2D385 /* Release */,
			);
			defaultConfigurationIsVisible = 0;
			defaultConfigurationName = Release;
		};
/* End XCConfigurationList section */
	};
	rootObject = 97AA629E251120F700C2D385 /* Project object */;
}
